// !$*UTF8*$!
{
	archiveVersion = 1;
	classes = {
	};
	objectVersion = 46;
	objects = {

/* Begin PBXBuildFile section */
		28093DAD1D75369D003665D1 /* tracker_opencv.cpp in Sources */ = {isa = PBXBuildFile; fileRef = 28093DAA1D75369D003665D1 /* tracker_opencv.cpp */; };
		281983591D87F12E006E521C /* CMT.cpp in Sources */ = {isa = PBXBuildFile; fileRef = 281983571D87F12E006E521C /* CMT.cpp */; };
		286B45A41DA37E0500D0B947 /* Config.cpp in Sources */ = {isa = PBXBuildFile; fileRef = 286B459A1DA37E0500D0B947 /* Config.cpp */; };
		286B45A51DA37E0500D0B947 /* Gui.cpp in Sources */ = {isa = PBXBuildFile; fileRef = 286B459C1DA37E0500D0B947 /* Gui.cpp */; };
		286B45A61DA37E0500D0B947 /* Main.cpp in Sources */ = {isa = PBXBuildFile; fileRef = 286B459E1DA37E0500D0B947 /* Main.cpp */; };
		286B45A71DA37E0500D0B947 /* Settings.cpp in Sources */ = {isa = PBXBuildFile; fileRef = 286B45A01DA37E0500D0B947 /* Settings.cpp */; };
		286B45A81DA37E0500D0B947 /* Trajectory.cpp in Sources */ = {isa = PBXBuildFile; fileRef = 286B45A21DA37E0500D0B947 /* Trajectory.cpp */; };
		286B45CF1DA37E3F00D0B947 /* ImAcq.cpp in Sources */ = {isa = PBXBuildFile; fileRef = 286B45AB1DA37E3F00D0B947 /* ImAcq.cpp */; };
		286B45D01DA37E3F00D0B947 /* BB.cpp in Sources */ = {isa = PBXBuildFile; fileRef = 286B45AE1DA37E3F00D0B947 /* BB.cpp */; };
		286B45D11DA37E3F00D0B947 /* BBPredict.cpp in Sources */ = {isa = PBXBuildFile; fileRef = 286B45B01DA37E3F00D0B947 /* BBPredict.cpp */; };
		286B45D21DA37E3F00D0B947 /* FBTrack.cpp in Sources */ = {isa = PBXBuildFile; fileRef = 286B45B21DA37E3F00D0B947 /* FBTrack.cpp */; };
		286B45D31DA37E3F00D0B947 /* Lk.cpp in Sources */ = {isa = PBXBuildFile; fileRef = 286B45B41DA37E3F00D0B947 /* Lk.cpp */; };
		286B45D41DA37E3F00D0B947 /* Median.cpp in Sources */ = {isa = PBXBuildFile; fileRef = 286B45B61DA37E3F00D0B947 /* Median.cpp */; };
		286B45D51DA37E3F00D0B947 /* Clustering.cpp in Sources */ = {isa = PBXBuildFile; fileRef = 286B45B91DA37E3F00D0B947 /* Clustering.cpp */; };
		286B45D61DA37E3F00D0B947 /* DetectionResult.cpp in Sources */ = {isa = PBXBuildFile; fileRef = 286B45BB1DA37E3F00D0B947 /* DetectionResult.cpp */; };
		286B45D71DA37E3F00D0B947 /* DetectorCascade.cpp in Sources */ = {isa = PBXBuildFile; fileRef = 286B45BD1DA37E3F00D0B947 /* DetectorCascade.cpp */; };
		286B45D81DA37E3F00D0B947 /* EnsembleClassifier.cpp in Sources */ = {isa = PBXBuildFile; fileRef = 286B45BF1DA37E3F00D0B947 /* EnsembleClassifier.cpp */; };
		286B45D91DA37E3F00D0B947 /* ForegroundDetector.cpp in Sources */ = {isa = PBXBuildFile; fileRef = 286B45C11DA37E3F00D0B947 /* ForegroundDetector.cpp */; };
		286B45DA1DA37E3F00D0B947 /* MedianFlowTracker.cpp in Sources */ = {isa = PBXBuildFile; fileRef = 286B45C41DA37E3F00D0B947 /* MedianFlowTracker.cpp */; };
		286B45DB1DA37E3F00D0B947 /* NNClassifier.cpp in Sources */ = {isa = PBXBuildFile; fileRef = 286B45C61DA37E3F00D0B947 /* NNClassifier.cpp */; };
		286B45DC1DA37E3F00D0B947 /* TLD.cpp in Sources */ = {isa = PBXBuildFile; fileRef = 286B45C91DA37E3F00D0B947 /* TLD.cpp */; };
		286B45DD1DA37E3F00D0B947 /* TLDUtil.cpp in Sources */ = {isa = PBXBuildFile; fileRef = 286B45CB1DA37E3F00D0B947 /* TLDUtil.cpp */; };
		286B45DE1DA37E3F00D0B947 /* VarianceFilter.cpp in Sources */ = {isa = PBXBuildFile; fileRef = 286B45CD1DA37E3F00D0B947 /* VarianceFilter.cpp */; };
		286B46021DA37E5A00D0B947 /* blob.cpp in Sources */ = {isa = PBXBuildFile; fileRef = 286B45E11DA37E5900D0B947 /* blob.cpp */; };
		286B46031DA37E5A00D0B947 /* BlobContour.cpp in Sources */ = {isa = PBXBuildFile; fileRef = 286B45E31DA37E5900D0B947 /* BlobContour.cpp */; };
		286B46041DA37E5A00D0B947 /* BlobOperators.cpp in Sources */ = {isa = PBXBuildFile; fileRef = 286B45E61DA37E5A00D0B947 /* BlobOperators.cpp */; };
		286B46051DA37E5A00D0B947 /* BlobProperties.cpp in Sources */ = {isa = PBXBuildFile; fileRef = 286B45E81DA37E5A00D0B947 /* BlobProperties.cpp */; };
		286B46061DA37E5A00D0B947 /* BlobResult.cpp in Sources */ = {isa = PBXBuildFile; fileRef = 286B45EA1DA37E5A00D0B947 /* BlobResult.cpp */; };
		286B46071DA37E5A00D0B947 /* ComponentLabeling.cpp in Sources */ = {isa = PBXBuildFile; fileRef = 286B45EE1DA37E5A00D0B947 /* ComponentLabeling.cpp */; };
		286B46081DA37E5A00D0B947 /* grammar.c in Sources */ = {isa = PBXBuildFile; fileRef = 286B45F31DA37E5A00D0B947 /* grammar.c */; };
		286B46091DA37E5A00D0B947 /* libconfig.c in Sources */ = {isa = PBXBuildFile; fileRef = 286B45F51DA37E5A00D0B947 /* libconfig.c */; };
		286B460A1DA37E5A00D0B947 /* libconfigcpp.c++ in Sources */ = {isa = PBXBuildFile; fileRef = 286B45F81DA37E5A00D0B947 /* libconfigcpp.c++ */; };
		286B460B1DA37E5A00D0B947 /* scanctx.c in Sources */ = {isa = PBXBuildFile; fileRef = 286B45FA1DA37E5A00D0B947 /* scanctx.c */; };
		286B460C1DA37E5A00D0B947 /* scanner.c in Sources */ = {isa = PBXBuildFile; fileRef = 286B45FC1DA37E5A00D0B947 /* scanner.c */; };
		286B460D1DA37E5A00D0B947 /* strbuf.c in Sources */ = {isa = PBXBuildFile; fileRef = 286B45FE1DA37E5A00D0B947 /* strbuf.c */; };
		286B460F1DA37E9F00D0B947 /* main_tld.cpp in Sources */ = {isa = PBXBuildFile; fileRef = 286B460E1DA37E9F00D0B947 /* main_tld.cpp */; };
		28CCFF681D77FB8000FB24FC /* libopencv_calib3d.2.4.13.dylib in Frameworks */ = {isa = PBXBuildFile; fileRef = 28CCFF301D77FB8000FB24FC /* libopencv_calib3d.2.4.13.dylib */; };
		28CCFF691D77FB8000FB24FC /* libopencv_calib3d.2.4.dylib in Frameworks */ = {isa = PBXBuildFile; fileRef = 28CCFF311D77FB8000FB24FC /* libopencv_calib3d.2.4.dylib */; };
		28CCFF6A1D77FB8000FB24FC /* libopencv_calib3d.dylib in Frameworks */ = {isa = PBXBuildFile; fileRef = 28CCFF321D77FB8000FB24FC /* libopencv_calib3d.dylib */; };
		28CCFF6B1D77FB8000FB24FC /* libopencv_contrib.2.4.13.dylib in Frameworks */ = {isa = PBXBuildFile; fileRef = 28CCFF331D77FB8000FB24FC /* libopencv_contrib.2.4.13.dylib */; };
		28CCFF6C1D77FB8000FB24FC /* libopencv_contrib.2.4.dylib in Frameworks */ = {isa = PBXBuildFile; fileRef = 28CCFF341D77FB8000FB24FC /* libopencv_contrib.2.4.dylib */; };
		28CCFF6D1D77FB8000FB24FC /* libopencv_contrib.dylib in Frameworks */ = {isa = PBXBuildFile; fileRef = 28CCFF351D77FB8000FB24FC /* libopencv_contrib.dylib */; };
		28CCFF6E1D77FB8000FB24FC /* libopencv_core.2.4.13.dylib in Frameworks */ = {isa = PBXBuildFile; fileRef = 28CCFF361D77FB8000FB24FC /* libopencv_core.2.4.13.dylib */; };
		28CCFF6F1D77FB8000FB24FC /* libopencv_core.2.4.dylib in Frameworks */ = {isa = PBXBuildFile; fileRef = 28CCFF371D77FB8000FB24FC /* libopencv_core.2.4.dylib */; };
		28CCFF701D77FB8000FB24FC /* libopencv_core.dylib in Frameworks */ = {isa = PBXBuildFile; fileRef = 28CCFF381D77FB8000FB24FC /* libopencv_core.dylib */; };
		28CCFF711D77FB8000FB24FC /* libopencv_features2d.2.4.13.dylib in Frameworks */ = {isa = PBXBuildFile; fileRef = 28CCFF391D77FB8000FB24FC /* libopencv_features2d.2.4.13.dylib */; };
		28CCFF721D77FB8000FB24FC /* libopencv_features2d.2.4.dylib in Frameworks */ = {isa = PBXBuildFile; fileRef = 28CCFF3A1D77FB8000FB24FC /* libopencv_features2d.2.4.dylib */; };
		28CCFF731D77FB8000FB24FC /* libopencv_features2d.dylib in Frameworks */ = {isa = PBXBuildFile; fileRef = 28CCFF3B1D77FB8000FB24FC /* libopencv_features2d.dylib */; };
		28CCFF741D77FB8000FB24FC /* libopencv_flann.2.4.13.dylib in Frameworks */ = {isa = PBXBuildFile; fileRef = 28CCFF3C1D77FB8000FB24FC /* libopencv_flann.2.4.13.dylib */; };
		28CCFF751D77FB8000FB24FC /* libopencv_flann.2.4.dylib in Frameworks */ = {isa = PBXBuildFile; fileRef = 28CCFF3D1D77FB8000FB24FC /* libopencv_flann.2.4.dylib */; };
		28CCFF761D77FB8000FB24FC /* libopencv_flann.dylib in Frameworks */ = {isa = PBXBuildFile; fileRef = 28CCFF3E1D77FB8000FB24FC /* libopencv_flann.dylib */; };
		28CCFF771D77FB8000FB24FC /* libopencv_gpu.2.4.13.dylib in Frameworks */ = {isa = PBXBuildFile; fileRef = 28CCFF3F1D77FB8000FB24FC /* libopencv_gpu.2.4.13.dylib */; };
		28CCFF781D77FB8000FB24FC /* libopencv_gpu.2.4.dylib in Frameworks */ = {isa = PBXBuildFile; fileRef = 28CCFF401D77FB8000FB24FC /* libopencv_gpu.2.4.dylib */; };
		28CCFF791D77FB8000FB24FC /* libopencv_gpu.dylib in Frameworks */ = {isa = PBXBuildFile; fileRef = 28CCFF411D77FB8000FB24FC /* libopencv_gpu.dylib */; };
		28CCFF7A1D77FB8000FB24FC /* libopencv_haartraining_engine.a in Frameworks */ = {isa = PBXBuildFile; fileRef = 28CCFF421D77FB8000FB24FC /* libopencv_haartraining_engine.a */; };
		28CCFF7B1D77FB8000FB24FC /* libopencv_highgui.2.4.13.dylib in Frameworks */ = {isa = PBXBuildFile; fileRef = 28CCFF431D77FB8000FB24FC /* libopencv_highgui.2.4.13.dylib */; };
		28CCFF7C1D77FB8000FB24FC /* libopencv_highgui.2.4.dylib in Frameworks */ = {isa = PBXBuildFile; fileRef = 28CCFF441D77FB8000FB24FC /* libopencv_highgui.2.4.dylib */; };
		28CCFF7D1D77FB8000FB24FC /* libopencv_highgui.dylib in Frameworks */ = {isa = PBXBuildFile; fileRef = 28CCFF451D77FB8000FB24FC /* libopencv_highgui.dylib */; };
		28CCFF7E1D77FB8000FB24FC /* libopencv_imgproc.2.4.13.dylib in Frameworks */ = {isa = PBXBuildFile; fileRef = 28CCFF461D77FB8000FB24FC /* libopencv_imgproc.2.4.13.dylib */; };
		28CCFF7F1D77FB8000FB24FC /* libopencv_imgproc.2.4.dylib in Frameworks */ = {isa = PBXBuildFile; fileRef = 28CCFF471D77FB8000FB24FC /* libopencv_imgproc.2.4.dylib */; };
		28CCFF801D77FB8000FB24FC /* libopencv_imgproc.dylib in Frameworks */ = {isa = PBXBuildFile; fileRef = 28CCFF481D77FB8000FB24FC /* libopencv_imgproc.dylib */; };
		28CCFF811D77FB8000FB24FC /* libopencv_legacy.2.4.13.dylib in Frameworks */ = {isa = PBXBuildFile; fileRef = 28CCFF491D77FB8000FB24FC /* libopencv_legacy.2.4.13.dylib */; };
		28CCFF821D77FB8000FB24FC /* libopencv_legacy.2.4.dylib in Frameworks */ = {isa = PBXBuildFile; fileRef = 28CCFF4A1D77FB8000FB24FC /* libopencv_legacy.2.4.dylib */; };
		28CCFF831D77FB8000FB24FC /* libopencv_legacy.dylib in Frameworks */ = {isa = PBXBuildFile; fileRef = 28CCFF4B1D77FB8000FB24FC /* libopencv_legacy.dylib */; };
		28CCFF841D77FB8000FB24FC /* libopencv_ml.2.4.13.dylib in Frameworks */ = {isa = PBXBuildFile; fileRef = 28CCFF4C1D77FB8000FB24FC /* libopencv_ml.2.4.13.dylib */; };
		28CCFF851D77FB8000FB24FC /* libopencv_ml.2.4.dylib in Frameworks */ = {isa = PBXBuildFile; fileRef = 28CCFF4D1D77FB8000FB24FC /* libopencv_ml.2.4.dylib */; };
		28CCFF861D77FB8000FB24FC /* libopencv_ml.dylib in Frameworks */ = {isa = PBXBuildFile; fileRef = 28CCFF4E1D77FB8000FB24FC /* libopencv_ml.dylib */; };
		28CCFF871D77FB8000FB24FC /* libopencv_nonfree.2.4.13.dylib in Frameworks */ = {isa = PBXBuildFile; fileRef = 28CCFF4F1D77FB8000FB24FC /* libopencv_nonfree.2.4.13.dylib */; };
		28CCFF881D77FB8000FB24FC /* libopencv_nonfree.2.4.dylib in Frameworks */ = {isa = PBXBuildFile; fileRef = 28CCFF501D77FB8000FB24FC /* libopencv_nonfree.2.4.dylib */; };
		28CCFF891D77FB8000FB24FC /* libopencv_nonfree.dylib in Frameworks */ = {isa = PBXBuildFile; fileRef = 28CCFF511D77FB8000FB24FC /* libopencv_nonfree.dylib */; };
		28CCFF8A1D77FB8000FB24FC /* libopencv_objdetect.2.4.13.dylib in Frameworks */ = {isa = PBXBuildFile; fileRef = 28CCFF521D77FB8000FB24FC /* libopencv_objdetect.2.4.13.dylib */; };
		28CCFF8B1D77FB8000FB24FC /* libopencv_objdetect.2.4.dylib in Frameworks */ = {isa = PBXBuildFile; fileRef = 28CCFF531D77FB8000FB24FC /* libopencv_objdetect.2.4.dylib */; };
		28CCFF8C1D77FB8000FB24FC /* libopencv_objdetect.dylib in Frameworks */ = {isa = PBXBuildFile; fileRef = 28CCFF541D77FB8000FB24FC /* libopencv_objdetect.dylib */; };
		28CCFF8D1D77FB8000FB24FC /* libopencv_ocl.2.4.13.dylib in Frameworks */ = {isa = PBXBuildFile; fileRef = 28CCFF551D77FB8000FB24FC /* libopencv_ocl.2.4.13.dylib */; };
		28CCFF8E1D77FB8000FB24FC /* libopencv_ocl.2.4.dylib in Frameworks */ = {isa = PBXBuildFile; fileRef = 28CCFF561D77FB8000FB24FC /* libopencv_ocl.2.4.dylib */; };
		28CCFF8F1D77FB8000FB24FC /* libopencv_ocl.dylib in Frameworks */ = {isa = PBXBuildFile; fileRef = 28CCFF571D77FB8000FB24FC /* libopencv_ocl.dylib */; };
		28CCFF901D77FB8000FB24FC /* libopencv_photo.2.4.13.dylib in Frameworks */ = {isa = PBXBuildFile; fileRef = 28CCFF581D77FB8000FB24FC /* libopencv_photo.2.4.13.dylib */; };
		28CCFF911D77FB8000FB24FC /* libopencv_photo.2.4.dylib in Frameworks */ = {isa = PBXBuildFile; fileRef = 28CCFF591D77FB8000FB24FC /* libopencv_photo.2.4.dylib */; };
		28CCFF921D77FB8000FB24FC /* libopencv_photo.dylib in Frameworks */ = {isa = PBXBuildFile; fileRef = 28CCFF5A1D77FB8000FB24FC /* libopencv_photo.dylib */; };
		28CCFF931D77FB8000FB24FC /* libopencv_stitching.2.4.13.dylib in Frameworks */ = {isa = PBXBuildFile; fileRef = 28CCFF5B1D77FB8000FB24FC /* libopencv_stitching.2.4.13.dylib */; };
		28CCFF941D77FB8000FB24FC /* libopencv_stitching.2.4.dylib in Frameworks */ = {isa = PBXBuildFile; fileRef = 28CCFF5C1D77FB8000FB24FC /* libopencv_stitching.2.4.dylib */; };
		28CCFF951D77FB8000FB24FC /* libopencv_stitching.dylib in Frameworks */ = {isa = PBXBuildFile; fileRef = 28CCFF5D1D77FB8000FB24FC /* libopencv_stitching.dylib */; };
		28CCFF961D77FB8000FB24FC /* libopencv_superres.2.4.13.dylib in Frameworks */ = {isa = PBXBuildFile; fileRef = 28CCFF5E1D77FB8000FB24FC /* libopencv_superres.2.4.13.dylib */; };
		28CCFF971D77FB8000FB24FC /* libopencv_superres.2.4.dylib in Frameworks */ = {isa = PBXBuildFile; fileRef = 28CCFF5F1D77FB8000FB24FC /* libopencv_superres.2.4.dylib */; };
		28CCFF981D77FB8000FB24FC /* libopencv_superres.dylib in Frameworks */ = {isa = PBXBuildFile; fileRef = 28CCFF601D77FB8000FB24FC /* libopencv_superres.dylib */; };
		28CCFF991D77FB8000FB24FC /* libopencv_ts.a in Frameworks */ = {isa = PBXBuildFile; fileRef = 28CCFF611D77FB8000FB24FC /* libopencv_ts.a */; };
		28CCFF9A1D77FB8000FB24FC /* libopencv_video.2.4.13.dylib in Frameworks */ = {isa = PBXBuildFile; fileRef = 28CCFF621D77FB8000FB24FC /* libopencv_video.2.4.13.dylib */; };
		28CCFF9B1D77FB8000FB24FC /* libopencv_video.2.4.dylib in Frameworks */ = {isa = PBXBuildFile; fileRef = 28CCFF631D77FB8000FB24FC /* libopencv_video.2.4.dylib */; };
		28CCFF9C1D77FB8000FB24FC /* libopencv_video.dylib in Frameworks */ = {isa = PBXBuildFile; fileRef = 28CCFF641D77FB8000FB24FC /* libopencv_video.dylib */; };
		28CCFF9D1D77FB8000FB24FC /* libopencv_videostab.2.4.13.dylib in Frameworks */ = {isa = PBXBuildFile; fileRef = 28CCFF651D77FB8000FB24FC /* libopencv_videostab.2.4.13.dylib */; };
		28CCFF9E1D77FB8000FB24FC /* libopencv_videostab.2.4.dylib in Frameworks */ = {isa = PBXBuildFile; fileRef = 28CCFF661D77FB8000FB24FC /* libopencv_videostab.2.4.dylib */; };
		28CCFF9F1D77FB8000FB24FC /* libopencv_videostab.dylib in Frameworks */ = {isa = PBXBuildFile; fileRef = 28CCFF671D77FB8000FB24FC /* libopencv_videostab.dylib */; };
/* End PBXBuildFile section */

/* Begin PBXCopyFilesBuildPhase section */
		282C48321D654E350095679F /* CopyFiles */ = {
			isa = PBXCopyFilesBuildPhase;
			buildActionMask = 2147483647;
			dstPath = /usr/share/man/man1/;
			dstSubfolderSpec = 0;
			files = (
			);
			runOnlyForDeploymentPostprocessing = 1;
		};
/* End PBXCopyFilesBuildPhase section */

/* Begin PBXFileReference section */
		28093DAA1D75369D003665D1 /* tracker_opencv.cpp */ = {isa = PBXFileReference; fileEncoding = 4; lastKnownFileType = sourcecode.cpp.cpp; path = tracker_opencv.cpp; sourceTree = "<group>"; };
		28093DAB1D75369D003665D1 /* tracker_opencv.h */ = {isa = PBXFileReference; fileEncoding = 4; lastKnownFileType = sourcecode.c.h; path = tracker_opencv.h; sourceTree = "<group>"; };
		281983571D87F12E006E521C /* CMT.cpp */ = {isa = PBXFileReference; fileEncoding = 4; lastKnownFileType = sourcecode.cpp.cpp; path = CMT.cpp; sourceTree = "<group>"; };
		281983581D87F12E006E521C /* CMT.h */ = {isa = PBXFileReference; fileEncoding = 4; lastKnownFileType = sourcecode.c.h; path = CMT.h; sourceTree = "<group>"; };
		282C48341D654E350095679F /* objectTrackingSJPlapOne */ = {isa = PBXFileReference; explicitFileType = "compiled.mach-o.executable"; includeInIndex = 0; path = objectTrackingSJPlapOne; sourceTree = BUILT_PRODUCTS_DIR; };
		286B459A1DA37E0500D0B947 /* Config.cpp */ = {isa = PBXFileReference; fileEncoding = 4; lastKnownFileType = sourcecode.cpp.cpp; path = Config.cpp; sourceTree = "<group>"; };
		286B459B1DA37E0500D0B947 /* Config.h */ = {isa = PBXFileReference; fileEncoding = 4; lastKnownFileType = sourcecode.c.h; path = Config.h; sourceTree = "<group>"; };
		286B459C1DA37E0500D0B947 /* Gui.cpp */ = {isa = PBXFileReference; fileEncoding = 4; lastKnownFileType = sourcecode.cpp.cpp; path = Gui.cpp; sourceTree = "<group>"; };
		286B459D1DA37E0500D0B947 /* Gui.h */ = {isa = PBXFileReference; fileEncoding = 4; lastKnownFileType = sourcecode.c.h; path = Gui.h; sourceTree = "<group>"; };
		286B459E1DA37E0500D0B947 /* Main.cpp */ = {isa = PBXFileReference; fileEncoding = 4; lastKnownFileType = sourcecode.cpp.cpp; path = Main.cpp; sourceTree = "<group>"; };
		286B459F1DA37E0500D0B947 /* Main.h */ = {isa = PBXFileReference; fileEncoding = 4; lastKnownFileType = sourcecode.c.h; path = Main.h; sourceTree = "<group>"; };
		286B45A01DA37E0500D0B947 /* Settings.cpp */ = {isa = PBXFileReference; fileEncoding = 4; lastKnownFileType = sourcecode.cpp.cpp; path = Settings.cpp; sourceTree = "<group>"; };
		286B45A11DA37E0500D0B947 /* Settings.h */ = {isa = PBXFileReference; fileEncoding = 4; lastKnownFileType = sourcecode.c.h; path = Settings.h; sourceTree = "<group>"; };
		286B45A21DA37E0500D0B947 /* Trajectory.cpp */ = {isa = PBXFileReference; fileEncoding = 4; lastKnownFileType = sourcecode.cpp.cpp; path = Trajectory.cpp; sourceTree = "<group>"; };
		286B45A31DA37E0500D0B947 /* Trajectory.h */ = {isa = PBXFileReference; fileEncoding = 4; lastKnownFileType = sourcecode.c.h; path = Trajectory.h; sourceTree = "<group>"; };
		286B45AB1DA37E3F00D0B947 /* ImAcq.cpp */ = {isa = PBXFileReference; fileEncoding = 4; lastKnownFileType = sourcecode.cpp.cpp; path = ImAcq.cpp; sourceTree = "<group>"; };
		286B45AC1DA37E3F00D0B947 /* ImAcq.h */ = {isa = PBXFileReference; fileEncoding = 4; lastKnownFileType = sourcecode.c.h; path = ImAcq.h; sourceTree = "<group>"; };
		286B45AE1DA37E3F00D0B947 /* BB.cpp */ = {isa = PBXFileReference; fileEncoding = 4; lastKnownFileType = sourcecode.cpp.cpp; path = BB.cpp; sourceTree = "<group>"; };
		286B45AF1DA37E3F00D0B947 /* BB.h */ = {isa = PBXFileReference; fileEncoding = 4; lastKnownFileType = sourcecode.c.h; path = BB.h; sourceTree = "<group>"; };
		286B45B01DA37E3F00D0B947 /* BBPredict.cpp */ = {isa = PBXFileReference; fileEncoding = 4; lastKnownFileType = sourcecode.cpp.cpp; path = BBPredict.cpp; sourceTree = "<group>"; };
		286B45B11DA37E3F00D0B947 /* BBPredict.h */ = {isa = PBXFileReference; fileEncoding = 4; lastKnownFileType = sourcecode.c.h; path = BBPredict.h; sourceTree = "<group>"; };
		286B45B21DA37E3F00D0B947 /* FBTrack.cpp */ = {isa = PBXFileReference; fileEncoding = 4; lastKnownFileType = sourcecode.cpp.cpp; path = FBTrack.cpp; sourceTree = "<group>"; };
		286B45B31DA37E3F00D0B947 /* FBTrack.h */ = {isa = PBXFileReference; fileEncoding = 4; lastKnownFileType = sourcecode.c.h; path = FBTrack.h; sourceTree = "<group>"; };
		286B45B41DA37E3F00D0B947 /* Lk.cpp */ = {isa = PBXFileReference; fileEncoding = 4; lastKnownFileType = sourcecode.cpp.cpp; path = Lk.cpp; sourceTree = "<group>"; };
		286B45B51DA37E3F00D0B947 /* Lk.h */ = {isa = PBXFileReference; fileEncoding = 4; lastKnownFileType = sourcecode.c.h; path = Lk.h; sourceTree = "<group>"; };
		286B45B61DA37E3F00D0B947 /* Median.cpp */ = {isa = PBXFileReference; fileEncoding = 4; lastKnownFileType = sourcecode.cpp.cpp; path = Median.cpp; sourceTree = "<group>"; };
		286B45B71DA37E3F00D0B947 /* Median.h */ = {isa = PBXFileReference; fileEncoding = 4; lastKnownFileType = sourcecode.c.h; path = Median.h; sourceTree = "<group>"; };
		286B45B91DA37E3F00D0B947 /* Clustering.cpp */ = {isa = PBXFileReference; fileEncoding = 4; lastKnownFileType = sourcecode.cpp.cpp; path = Clustering.cpp; sourceTree = "<group>"; };
		286B45BA1DA37E3F00D0B947 /* Clustering.h */ = {isa = PBXFileReference; fileEncoding = 4; lastKnownFileType = sourcecode.c.h; path = Clustering.h; sourceTree = "<group>"; };
		286B45BB1DA37E3F00D0B947 /* DetectionResult.cpp */ = {isa = PBXFileReference; fileEncoding = 4; lastKnownFileType = sourcecode.cpp.cpp; path = DetectionResult.cpp; sourceTree = "<group>"; };
		286B45BC1DA37E3F00D0B947 /* DetectionResult.h */ = {isa = PBXFileReference; fileEncoding = 4; lastKnownFileType = sourcecode.c.h; path = DetectionResult.h; sourceTree = "<group>"; };
		286B45BD1DA37E3F00D0B947 /* DetectorCascade.cpp */ = {isa = PBXFileReference; fileEncoding = 4; lastKnownFileType = sourcecode.cpp.cpp; path = DetectorCascade.cpp; sourceTree = "<group>"; };
		286B45BE1DA37E3F00D0B947 /* DetectorCascade.h */ = {isa = PBXFileReference; fileEncoding = 4; lastKnownFileType = sourcecode.c.h; path = DetectorCascade.h; sourceTree = "<group>"; };
		286B45BF1DA37E3F00D0B947 /* EnsembleClassifier.cpp */ = {isa = PBXFileReference; fileEncoding = 4; lastKnownFileType = sourcecode.cpp.cpp; path = EnsembleClassifier.cpp; sourceTree = "<group>"; };
		286B45C01DA37E3F00D0B947 /* EnsembleClassifier.h */ = {isa = PBXFileReference; fileEncoding = 4; lastKnownFileType = sourcecode.c.h; path = EnsembleClassifier.h; sourceTree = "<group>"; };
		286B45C11DA37E3F00D0B947 /* ForegroundDetector.cpp */ = {isa = PBXFileReference; fileEncoding = 4; lastKnownFileType = sourcecode.cpp.cpp; path = ForegroundDetector.cpp; sourceTree = "<group>"; };
		286B45C21DA37E3F00D0B947 /* ForegroundDetector.h */ = {isa = PBXFileReference; fileEncoding = 4; lastKnownFileType = sourcecode.c.h; path = ForegroundDetector.h; sourceTree = "<group>"; };
		286B45C31DA37E3F00D0B947 /* IntegralImage.h */ = {isa = PBXFileReference; fileEncoding = 4; lastKnownFileType = sourcecode.c.h; path = IntegralImage.h; sourceTree = "<group>"; };
		286B45C41DA37E3F00D0B947 /* MedianFlowTracker.cpp */ = {isa = PBXFileReference; fileEncoding = 4; lastKnownFileType = sourcecode.cpp.cpp; path = MedianFlowTracker.cpp; sourceTree = "<group>"; };
		286B45C51DA37E3F00D0B947 /* MedianFlowTracker.h */ = {isa = PBXFileReference; fileEncoding = 4; lastKnownFileType = sourcecode.c.h; path = MedianFlowTracker.h; sourceTree = "<group>"; };
		286B45C61DA37E3F00D0B947 /* NNClassifier.cpp */ = {isa = PBXFileReference; fileEncoding = 4; lastKnownFileType = sourcecode.cpp.cpp; path = NNClassifier.cpp; sourceTree = "<group>"; };
		286B45C71DA37E3F00D0B947 /* NNClassifier.h */ = {isa = PBXFileReference; fileEncoding = 4; lastKnownFileType = sourcecode.c.h; path = NNClassifier.h; sourceTree = "<group>"; };
		286B45C81DA37E3F00D0B947 /* NormalizedPatch.h */ = {isa = PBXFileReference; fileEncoding = 4; lastKnownFileType = sourcecode.c.h; path = NormalizedPatch.h; sourceTree = "<group>"; };
		286B45C91DA37E3F00D0B947 /* TLD.cpp */ = {isa = PBXFileReference; fileEncoding = 4; lastKnownFileType = sourcecode.cpp.cpp; path = TLD.cpp; sourceTree = "<group>"; };
		286B45CA1DA37E3F00D0B947 /* TLD.h */ = {isa = PBXFileReference; fileEncoding = 4; lastKnownFileType = sourcecode.c.h; path = TLD.h; sourceTree = "<group>"; };
		286B45CB1DA37E3F00D0B947 /* TLDUtil.cpp */ = {isa = PBXFileReference; fileEncoding = 4; lastKnownFileType = sourcecode.cpp.cpp; path = TLDUtil.cpp; sourceTree = "<group>"; };
		286B45CC1DA37E3F00D0B947 /* TLDUtil.h */ = {isa = PBXFileReference; fileEncoding = 4; lastKnownFileType = sourcecode.c.h; path = TLDUtil.h; sourceTree = "<group>"; };
		286B45CD1DA37E3F00D0B947 /* VarianceFilter.cpp */ = {isa = PBXFileReference; fileEncoding = 4; lastKnownFileType = sourcecode.cpp.cpp; path = VarianceFilter.cpp; sourceTree = "<group>"; };
		286B45CE1DA37E3F00D0B947 /* VarianceFilter.h */ = {isa = PBXFileReference; fileEncoding = 4; lastKnownFileType = sourcecode.c.h; path = VarianceFilter.h; sourceTree = "<group>"; };
		286B45E11DA37E5900D0B947 /* blob.cpp */ = {isa = PBXFileReference; fileEncoding = 4; lastKnownFileType = sourcecode.cpp.cpp; path = blob.cpp; sourceTree = "<group>"; };
		286B45E21DA37E5900D0B947 /* blob.h */ = {isa = PBXFileReference; fileEncoding = 4; lastKnownFileType = sourcecode.c.h; path = blob.h; sourceTree = "<group>"; };
		286B45E31DA37E5900D0B947 /* BlobContour.cpp */ = {isa = PBXFileReference; fileEncoding = 4; lastKnownFileType = sourcecode.cpp.cpp; path = BlobContour.cpp; sourceTree = "<group>"; };
		286B45E41DA37E5900D0B947 /* BlobContour.h */ = {isa = PBXFileReference; fileEncoding = 4; lastKnownFileType = sourcecode.c.h; path = BlobContour.h; sourceTree = "<group>"; };
		286B45E51DA37E5900D0B947 /* BlobLibraryConfiguration.h */ = {isa = PBXFileReference; fileEncoding = 4; lastKnownFileType = sourcecode.c.h; path = BlobLibraryConfiguration.h; sourceTree = "<group>"; };
		286B45E61DA37E5A00D0B947 /* BlobOperators.cpp */ = {isa = PBXFileReference; fileEncoding = 4; lastKnownFileType = sourcecode.cpp.cpp; path = BlobOperators.cpp; sourceTree = "<group>"; };
		286B45E71DA37E5A00D0B947 /* BlobOperators.h */ = {isa = PBXFileReference; fileEncoding = 4; lastKnownFileType = sourcecode.c.h; path = BlobOperators.h; sourceTree = "<group>"; };
		286B45E81DA37E5A00D0B947 /* BlobProperties.cpp */ = {isa = PBXFileReference; fileEncoding = 4; lastKnownFileType = sourcecode.cpp.cpp; path = BlobProperties.cpp; sourceTree = "<group>"; };
		286B45E91DA37E5A00D0B947 /* BlobProperties.h */ = {isa = PBXFileReference; fileEncoding = 4; lastKnownFileType = sourcecode.c.h; path = BlobProperties.h; sourceTree = "<group>"; };
		286B45EA1DA37E5A00D0B947 /* BlobResult.cpp */ = {isa = PBXFileReference; fileEncoding = 4; lastKnownFileType = sourcecode.cpp.cpp; path = BlobResult.cpp; sourceTree = "<group>"; };
		286B45EB1DA37E5A00D0B947 /* BlobResult.h */ = {isa = PBXFileReference; fileEncoding = 4; lastKnownFileType = sourcecode.c.h; path = BlobResult.h; sourceTree = "<group>"; };
		286B45EE1DA37E5A00D0B947 /* ComponentLabeling.cpp */ = {isa = PBXFileReference; fileEncoding = 4; lastKnownFileType = sourcecode.cpp.cpp; path = ComponentLabeling.cpp; sourceTree = "<group>"; };
		286B45EF1DA37E5A00D0B947 /* ComponentLabeling.h */ = {isa = PBXFileReference; fileEncoding = 4; lastKnownFileType = sourcecode.c.h; path = ComponentLabeling.h; sourceTree = "<group>"; };
		286B45F31DA37E5A00D0B947 /* grammar.c */ = {isa = PBXFileReference; fileEncoding = 4; lastKnownFileType = sourcecode.c.c; path = grammar.c; sourceTree = "<group>"; };
		286B45F41DA37E5A00D0B947 /* grammar.h */ = {isa = PBXFileReference; fileEncoding = 4; lastKnownFileType = sourcecode.c.h; path = grammar.h; sourceTree = "<group>"; };
		286B45F51DA37E5A00D0B947 /* libconfig.c */ = {isa = PBXFileReference; fileEncoding = 4; lastKnownFileType = sourcecode.c.c; path = libconfig.c; sourceTree = "<group>"; };
		286B45F61DA37E5A00D0B947 /* libconfig.h */ = {isa = PBXFileReference; fileEncoding = 4; lastKnownFileType = sourcecode.c.h; path = libconfig.h; sourceTree = "<group>"; };
		286B45F71DA37E5A00D0B947 /* libconfig.h++ */ = {isa = PBXFileReference; fileEncoding = 4; lastKnownFileType = sourcecode.cpp.h; path = "libconfig.h++"; sourceTree = "<group>"; };
		286B45F81DA37E5A00D0B947 /* libconfigcpp.c++ */ = {isa = PBXFileReference; fileEncoding = 4; lastKnownFileType = sourcecode.cpp.cpp; path = "libconfigcpp.c++"; sourceTree = "<group>"; };
		286B45F91DA37E5A00D0B947 /* parsectx.h */ = {isa = PBXFileReference; fileEncoding = 4; lastKnownFileType = sourcecode.c.h; path = parsectx.h; sourceTree = "<group>"; };
		286B45FA1DA37E5A00D0B947 /* scanctx.c */ = {isa = PBXFileReference; fileEncoding = 4; lastKnownFileType = sourcecode.c.c; path = scanctx.c; sourceTree = "<group>"; };
		286B45FB1DA37E5A00D0B947 /* scanctx.h */ = {isa = PBXFileReference; fileEncoding = 4; lastKnownFileType = sourcecode.c.h; path = scanctx.h; sourceTree = "<group>"; };
		286B45FC1DA37E5A00D0B947 /* scanner.c */ = {isa = PBXFileReference; fileEncoding = 4; lastKnownFileType = sourcecode.c.c; path = scanner.c; sourceTree = "<group>"; };
		286B45FD1DA37E5A00D0B947 /* scanner.h */ = {isa = PBXFileReference; fileEncoding = 4; lastKnownFileType = sourcecode.c.h; path = scanner.h; sourceTree = "<group>"; };
		286B45FE1DA37E5A00D0B947 /* strbuf.c */ = {isa = PBXFileReference; fileEncoding = 4; lastKnownFileType = sourcecode.c.c; path = strbuf.c; sourceTree = "<group>"; };
		286B45FF1DA37E5A00D0B947 /* strbuf.h */ = {isa = PBXFileReference; fileEncoding = 4; lastKnownFileType = sourcecode.c.h; path = strbuf.h; sourceTree = "<group>"; };
		286B46001DA37E5A00D0B947 /* wincompat.h */ = {isa = PBXFileReference; fileEncoding = 4; lastKnownFileType = sourcecode.c.h; path = wincompat.h; sourceTree = "<group>"; };
		286B46011DA37E5A00D0B947 /* config-sample.cfg */ = {isa = PBXFileReference; fileEncoding = 4; lastKnownFileType = text; path = "config-sample.cfg"; sourceTree = "<group>"; };
		286B460E1DA37E9F00D0B947 /* main_tld.cpp */ = {isa = PBXFileReference; fileEncoding = 4; lastKnownFileType = sourcecode.cpp.cpp; path = main_tld.cpp; sourceTree = "<group>"; };
		28CCFF301D77FB8000FB24FC /* libopencv_calib3d.2.4.13.dylib */ = {isa = PBXFileReference; lastKnownFileType = "compiled.mach-o.dylib"; path = libopencv_calib3d.2.4.13.dylib; sourceTree = "<group>"; };
		28CCFF311D77FB8000FB24FC /* libopencv_calib3d.2.4.dylib */ = {isa = PBXFileReference; lastKnownFileType = "compiled.mach-o.dylib"; path = libopencv_calib3d.2.4.dylib; sourceTree = "<group>"; };
		28CCFF321D77FB8000FB24FC /* libopencv_calib3d.dylib */ = {isa = PBXFileReference; lastKnownFileType = "compiled.mach-o.dylib"; path = libopencv_calib3d.dylib; sourceTree = "<group>"; };
		28CCFF331D77FB8000FB24FC /* libopencv_contrib.2.4.13.dylib */ = {isa = PBXFileReference; lastKnownFileType = "compiled.mach-o.dylib"; path = libopencv_contrib.2.4.13.dylib; sourceTree = "<group>"; };
		28CCFF341D77FB8000FB24FC /* libopencv_contrib.2.4.dylib */ = {isa = PBXFileReference; lastKnownFileType = "compiled.mach-o.dylib"; path = libopencv_contrib.2.4.dylib; sourceTree = "<group>"; };
		28CCFF351D77FB8000FB24FC /* libopencv_contrib.dylib */ = {isa = PBXFileReference; lastKnownFileType = "compiled.mach-o.dylib"; path = libopencv_contrib.dylib; sourceTree = "<group>"; };
		28CCFF361D77FB8000FB24FC /* libopencv_core.2.4.13.dylib */ = {isa = PBXFileReference; lastKnownFileType = "compiled.mach-o.dylib"; path = libopencv_core.2.4.13.dylib; sourceTree = "<group>"; };
		28CCFF371D77FB8000FB24FC /* libopencv_core.2.4.dylib */ = {isa = PBXFileReference; lastKnownFileType = "compiled.mach-o.dylib"; path = libopencv_core.2.4.dylib; sourceTree = "<group>"; };
		28CCFF381D77FB8000FB24FC /* libopencv_core.dylib */ = {isa = PBXFileReference; lastKnownFileType = "compiled.mach-o.dylib"; path = libopencv_core.dylib; sourceTree = "<group>"; };
		28CCFF391D77FB8000FB24FC /* libopencv_features2d.2.4.13.dylib */ = {isa = PBXFileReference; lastKnownFileType = "compiled.mach-o.dylib"; path = libopencv_features2d.2.4.13.dylib; sourceTree = "<group>"; };
		28CCFF3A1D77FB8000FB24FC /* libopencv_features2d.2.4.dylib */ = {isa = PBXFileReference; lastKnownFileType = "compiled.mach-o.dylib"; path = libopencv_features2d.2.4.dylib; sourceTree = "<group>"; };
		28CCFF3B1D77FB8000FB24FC /* libopencv_features2d.dylib */ = {isa = PBXFileReference; lastKnownFileType = "compiled.mach-o.dylib"; path = libopencv_features2d.dylib; sourceTree = "<group>"; };
		28CCFF3C1D77FB8000FB24FC /* libopencv_flann.2.4.13.dylib */ = {isa = PBXFileReference; lastKnownFileType = "compiled.mach-o.dylib"; path = libopencv_flann.2.4.13.dylib; sourceTree = "<group>"; };
		28CCFF3D1D77FB8000FB24FC /* libopencv_flann.2.4.dylib */ = {isa = PBXFileReference; lastKnownFileType = "compiled.mach-o.dylib"; path = libopencv_flann.2.4.dylib; sourceTree = "<group>"; };
		28CCFF3E1D77FB8000FB24FC /* libopencv_flann.dylib */ = {isa = PBXFileReference; lastKnownFileType = "compiled.mach-o.dylib"; path = libopencv_flann.dylib; sourceTree = "<group>"; };
		28CCFF3F1D77FB8000FB24FC /* libopencv_gpu.2.4.13.dylib */ = {isa = PBXFileReference; lastKnownFileType = "compiled.mach-o.dylib"; path = libopencv_gpu.2.4.13.dylib; sourceTree = "<group>"; };
		28CCFF401D77FB8000FB24FC /* libopencv_gpu.2.4.dylib */ = {isa = PBXFileReference; lastKnownFileType = "compiled.mach-o.dylib"; path = libopencv_gpu.2.4.dylib; sourceTree = "<group>"; };
		28CCFF411D77FB8000FB24FC /* libopencv_gpu.dylib */ = {isa = PBXFileReference; lastKnownFileType = "compiled.mach-o.dylib"; path = libopencv_gpu.dylib; sourceTree = "<group>"; };
		28CCFF421D77FB8000FB24FC /* libopencv_haartraining_engine.a */ = {isa = PBXFileReference; lastKnownFileType = archive.ar; path = libopencv_haartraining_engine.a; sourceTree = "<group>"; };
		28CCFF431D77FB8000FB24FC /* libopencv_highgui.2.4.13.dylib */ = {isa = PBXFileReference; lastKnownFileType = "compiled.mach-o.dylib"; path = libopencv_highgui.2.4.13.dylib; sourceTree = "<group>"; };
		28CCFF441D77FB8000FB24FC /* libopencv_highgui.2.4.dylib */ = {isa = PBXFileReference; lastKnownFileType = "compiled.mach-o.dylib"; path = libopencv_highgui.2.4.dylib; sourceTree = "<group>"; };
		28CCFF451D77FB8000FB24FC /* libopencv_highgui.dylib */ = {isa = PBXFileReference; lastKnownFileType = "compiled.mach-o.dylib"; path = libopencv_highgui.dylib; sourceTree = "<group>"; };
		28CCFF461D77FB8000FB24FC /* libopencv_imgproc.2.4.13.dylib */ = {isa = PBXFileReference; lastKnownFileType = "compiled.mach-o.dylib"; path = libopencv_imgproc.2.4.13.dylib; sourceTree = "<group>"; };
		28CCFF471D77FB8000FB24FC /* libopencv_imgproc.2.4.dylib */ = {isa = PBXFileReference; lastKnownFileType = "compiled.mach-o.dylib"; path = libopencv_imgproc.2.4.dylib; sourceTree = "<group>"; };
		28CCFF481D77FB8000FB24FC /* libopencv_imgproc.dylib */ = {isa = PBXFileReference; lastKnownFileType = "compiled.mach-o.dylib"; path = libopencv_imgproc.dylib; sourceTree = "<group>"; };
		28CCFF491D77FB8000FB24FC /* libopencv_legacy.2.4.13.dylib */ = {isa = PBXFileReference; lastKnownFileType = "compiled.mach-o.dylib"; path = libopencv_legacy.2.4.13.dylib; sourceTree = "<group>"; };
		28CCFF4A1D77FB8000FB24FC /* libopencv_legacy.2.4.dylib */ = {isa = PBXFileReference; lastKnownFileType = "compiled.mach-o.dylib"; path = libopencv_legacy.2.4.dylib; sourceTree = "<group>"; };
		28CCFF4B1D77FB8000FB24FC /* libopencv_legacy.dylib */ = {isa = PBXFileReference; lastKnownFileType = "compiled.mach-o.dylib"; path = libopencv_legacy.dylib; sourceTree = "<group>"; };
		28CCFF4C1D77FB8000FB24FC /* libopencv_ml.2.4.13.dylib */ = {isa = PBXFileReference; lastKnownFileType = "compiled.mach-o.dylib"; path = libopencv_ml.2.4.13.dylib; sourceTree = "<group>"; };
		28CCFF4D1D77FB8000FB24FC /* libopencv_ml.2.4.dylib */ = {isa = PBXFileReference; lastKnownFileType = "compiled.mach-o.dylib"; path = libopencv_ml.2.4.dylib; sourceTree = "<group>"; };
		28CCFF4E1D77FB8000FB24FC /* libopencv_ml.dylib */ = {isa = PBXFileReference; lastKnownFileType = "compiled.mach-o.dylib"; path = libopencv_ml.dylib; sourceTree = "<group>"; };
		28CCFF4F1D77FB8000FB24FC /* libopencv_nonfree.2.4.13.dylib */ = {isa = PBXFileReference; lastKnownFileType = "compiled.mach-o.dylib"; path = libopencv_nonfree.2.4.13.dylib; sourceTree = "<group>"; };
		28CCFF501D77FB8000FB24FC /* libopencv_nonfree.2.4.dylib */ = {isa = PBXFileReference; lastKnownFileType = "compiled.mach-o.dylib"; path = libopencv_nonfree.2.4.dylib; sourceTree = "<group>"; };
		28CCFF511D77FB8000FB24FC /* libopencv_nonfree.dylib */ = {isa = PBXFileReference; lastKnownFileType = "compiled.mach-o.dylib"; path = libopencv_nonfree.dylib; sourceTree = "<group>"; };
		28CCFF521D77FB8000FB24FC /* libopencv_objdetect.2.4.13.dylib */ = {isa = PBXFileReference; lastKnownFileType = "compiled.mach-o.dylib"; path = libopencv_objdetect.2.4.13.dylib; sourceTree = "<group>"; };
		28CCFF531D77FB8000FB24FC /* libopencv_objdetect.2.4.dylib */ = {isa = PBXFileReference; lastKnownFileType = "compiled.mach-o.dylib"; path = libopencv_objdetect.2.4.dylib; sourceTree = "<group>"; };
		28CCFF541D77FB8000FB24FC /* libopencv_objdetect.dylib */ = {isa = PBXFileReference; lastKnownFileType = "compiled.mach-o.dylib"; path = libopencv_objdetect.dylib; sourceTree = "<group>"; };
		28CCFF551D77FB8000FB24FC /* libopencv_ocl.2.4.13.dylib */ = {isa = PBXFileReference; lastKnownFileType = "compiled.mach-o.dylib"; path = libopencv_ocl.2.4.13.dylib; sourceTree = "<group>"; };
		28CCFF561D77FB8000FB24FC /* libopencv_ocl.2.4.dylib */ = {isa = PBXFileReference; lastKnownFileType = "compiled.mach-o.dylib"; path = libopencv_ocl.2.4.dylib; sourceTree = "<group>"; };
		28CCFF571D77FB8000FB24FC /* libopencv_ocl.dylib */ = {isa = PBXFileReference; lastKnownFileType = "compiled.mach-o.dylib"; path = libopencv_ocl.dylib; sourceTree = "<group>"; };
		28CCFF581D77FB8000FB24FC /* libopencv_photo.2.4.13.dylib */ = {isa = PBXFileReference; lastKnownFileType = "compiled.mach-o.dylib"; path = libopencv_photo.2.4.13.dylib; sourceTree = "<group>"; };
		28CCFF591D77FB8000FB24FC /* libopencv_photo.2.4.dylib */ = {isa = PBXFileReference; lastKnownFileType = "compiled.mach-o.dylib"; path = libopencv_photo.2.4.dylib; sourceTree = "<group>"; };
		28CCFF5A1D77FB8000FB24FC /* libopencv_photo.dylib */ = {isa = PBXFileReference; lastKnownFileType = "compiled.mach-o.dylib"; path = libopencv_photo.dylib; sourceTree = "<group>"; };
		28CCFF5B1D77FB8000FB24FC /* libopencv_stitching.2.4.13.dylib */ = {isa = PBXFileReference; lastKnownFileType = "compiled.mach-o.dylib"; path = libopencv_stitching.2.4.13.dylib; sourceTree = "<group>"; };
		28CCFF5C1D77FB8000FB24FC /* libopencv_stitching.2.4.dylib */ = {isa = PBXFileReference; lastKnownFileType = "compiled.mach-o.dylib"; path = libopencv_stitching.2.4.dylib; sourceTree = "<group>"; };
		28CCFF5D1D77FB8000FB24FC /* libopencv_stitching.dylib */ = {isa = PBXFileReference; lastKnownFileType = "compiled.mach-o.dylib"; path = libopencv_stitching.dylib; sourceTree = "<group>"; };
		28CCFF5E1D77FB8000FB24FC /* libopencv_superres.2.4.13.dylib */ = {isa = PBXFileReference; lastKnownFileType = "compiled.mach-o.dylib"; path = libopencv_superres.2.4.13.dylib; sourceTree = "<group>"; };
		28CCFF5F1D77FB8000FB24FC /* libopencv_superres.2.4.dylib */ = {isa = PBXFileReference; lastKnownFileType = "compiled.mach-o.dylib"; path = libopencv_superres.2.4.dylib; sourceTree = "<group>"; };
		28CCFF601D77FB8000FB24FC /* libopencv_superres.dylib */ = {isa = PBXFileReference; lastKnownFileType = "compiled.mach-o.dylib"; path = libopencv_superres.dylib; sourceTree = "<group>"; };
		28CCFF611D77FB8000FB24FC /* libopencv_ts.a */ = {isa = PBXFileReference; lastKnownFileType = archive.ar; path = libopencv_ts.a; sourceTree = "<group>"; };
		28CCFF621D77FB8000FB24FC /* libopencv_video.2.4.13.dylib */ = {isa = PBXFileReference; lastKnownFileType = "compiled.mach-o.dylib"; path = libopencv_video.2.4.13.dylib; sourceTree = "<group>"; };
		28CCFF631D77FB8000FB24FC /* libopencv_video.2.4.dylib */ = {isa = PBXFileReference; lastKnownFileType = "compiled.mach-o.dylib"; path = libopencv_video.2.4.dylib; sourceTree = "<group>"; };
		28CCFF641D77FB8000FB24FC /* libopencv_video.dylib */ = {isa = PBXFileReference; lastKnownFileType = "compiled.mach-o.dylib"; path = libopencv_video.dylib; sourceTree = "<group>"; };
		28CCFF651D77FB8000FB24FC /* libopencv_videostab.2.4.13.dylib */ = {isa = PBXFileReference; lastKnownFileType = "compiled.mach-o.dylib"; path = libopencv_videostab.2.4.13.dylib; sourceTree = "<group>"; };
		28CCFF661D77FB8000FB24FC /* libopencv_videostab.2.4.dylib */ = {isa = PBXFileReference; lastKnownFileType = "compiled.mach-o.dylib"; path = libopencv_videostab.2.4.dylib; sourceTree = "<group>"; };
		28CCFF671D77FB8000FB24FC /* libopencv_videostab.dylib */ = {isa = PBXFileReference; lastKnownFileType = "compiled.mach-o.dylib"; path = libopencv_videostab.dylib; sourceTree = "<group>"; };
/* End PBXFileReference section */

/* Begin PBXFrameworksBuildPhase section */
		282C48311D654E350095679F /* Frameworks */ = {
			isa = PBXFrameworksBuildPhase;
			buildActionMask = 2147483647;
			files = (
				28CCFF931D77FB8000FB24FC /* libopencv_stitching.2.4.13.dylib in Frameworks */,
				28CCFF9B1D77FB8000FB24FC /* libopencv_video.2.4.dylib in Frameworks */,
				28CCFF951D77FB8000FB24FC /* libopencv_stitching.dylib in Frameworks */,
				28CCFF851D77FB8000FB24FC /* libopencv_ml.2.4.dylib in Frameworks */,
				28CCFF961D77FB8000FB24FC /* libopencv_superres.2.4.13.dylib in Frameworks */,
				28CCFF691D77FB8000FB24FC /* libopencv_calib3d.2.4.dylib in Frameworks */,
				28CCFF871D77FB8000FB24FC /* libopencv_nonfree.2.4.13.dylib in Frameworks */,
				28CCFF6C1D77FB8000FB24FC /* libopencv_contrib.2.4.dylib in Frameworks */,
				28CCFF8F1D77FB8000FB24FC /* libopencv_ocl.dylib in Frameworks */,
				28CCFF6E1D77FB8000FB24FC /* libopencv_core.2.4.13.dylib in Frameworks */,
				28CCFF901D77FB8000FB24FC /* libopencv_photo.2.4.13.dylib in Frameworks */,
				28CCFF801D77FB8000FB24FC /* libopencv_imgproc.dylib in Frameworks */,
				28CCFF991D77FB8000FB24FC /* libopencv_ts.a in Frameworks */,
				28CCFF9F1D77FB8000FB24FC /* libopencv_videostab.dylib in Frameworks */,
				28CCFF7D1D77FB8000FB24FC /* libopencv_highgui.dylib in Frameworks */,
				28CCFF861D77FB8000FB24FC /* libopencv_ml.dylib in Frameworks */,
				28CCFF941D77FB8000FB24FC /* libopencv_stitching.2.4.dylib in Frameworks */,
				28CCFF9D1D77FB8000FB24FC /* libopencv_videostab.2.4.13.dylib in Frameworks */,
				28CCFF6A1D77FB8000FB24FC /* libopencv_calib3d.dylib in Frameworks */,
				28CCFF791D77FB8000FB24FC /* libopencv_gpu.dylib in Frameworks */,
				28CCFF701D77FB8000FB24FC /* libopencv_core.dylib in Frameworks */,
				28CCFF821D77FB8000FB24FC /* libopencv_legacy.2.4.dylib in Frameworks */,
				28CCFF841D77FB8000FB24FC /* libopencv_ml.2.4.13.dylib in Frameworks */,
				28CCFF9C1D77FB8000FB24FC /* libopencv_video.dylib in Frameworks */,
				28CCFF981D77FB8000FB24FC /* libopencv_superres.dylib in Frameworks */,
				28CCFF7C1D77FB8000FB24FC /* libopencv_highgui.2.4.dylib in Frameworks */,
				28CCFF6B1D77FB8000FB24FC /* libopencv_contrib.2.4.13.dylib in Frameworks */,
				28CCFF9E1D77FB8000FB24FC /* libopencv_videostab.2.4.dylib in Frameworks */,
				28CCFF7F1D77FB8000FB24FC /* libopencv_imgproc.2.4.dylib in Frameworks */,
				28CCFF741D77FB8000FB24FC /* libopencv_flann.2.4.13.dylib in Frameworks */,
				28CCFF881D77FB8000FB24FC /* libopencv_nonfree.2.4.dylib in Frameworks */,
				28CCFF781D77FB8000FB24FC /* libopencv_gpu.2.4.dylib in Frameworks */,
				28CCFF7A1D77FB8000FB24FC /* libopencv_haartraining_engine.a in Frameworks */,
				28CCFF911D77FB8000FB24FC /* libopencv_photo.2.4.dylib in Frameworks */,
				28CCFF751D77FB8000FB24FC /* libopencv_flann.2.4.dylib in Frameworks */,
				28CCFF921D77FB8000FB24FC /* libopencv_photo.dylib in Frameworks */,
				28CCFF8D1D77FB8000FB24FC /* libopencv_ocl.2.4.13.dylib in Frameworks */,
				28CCFF7E1D77FB8000FB24FC /* libopencv_imgproc.2.4.13.dylib in Frameworks */,
				28CCFF761D77FB8000FB24FC /* libopencv_flann.dylib in Frameworks */,
				28CCFF681D77FB8000FB24FC /* libopencv_calib3d.2.4.13.dylib in Frameworks */,
				28CCFF721D77FB8000FB24FC /* libopencv_features2d.2.4.dylib in Frameworks */,
				28CCFF711D77FB8000FB24FC /* libopencv_features2d.2.4.13.dylib in Frameworks */,
				28CCFF6F1D77FB8000FB24FC /* libopencv_core.2.4.dylib in Frameworks */,
				28CCFF8C1D77FB8000FB24FC /* libopencv_objdetect.dylib in Frameworks */,
				28CCFF771D77FB8000FB24FC /* libopencv_gpu.2.4.13.dylib in Frameworks */,
				28CCFF731D77FB8000FB24FC /* libopencv_features2d.dylib in Frameworks */,
				28CCFF8A1D77FB8000FB24FC /* libopencv_objdetect.2.4.13.dylib in Frameworks */,
				28CCFF7B1D77FB8000FB24FC /* libopencv_highgui.2.4.13.dylib in Frameworks */,
				28CCFF9A1D77FB8000FB24FC /* libopencv_video.2.4.13.dylib in Frameworks */,
				28CCFF6D1D77FB8000FB24FC /* libopencv_contrib.dylib in Frameworks */,
				28CCFF971D77FB8000FB24FC /* libopencv_superres.2.4.dylib in Frameworks */,
				28CCFF831D77FB8000FB24FC /* libopencv_legacy.dylib in Frameworks */,
				28CCFF811D77FB8000FB24FC /* libopencv_legacy.2.4.13.dylib in Frameworks */,
				28CCFF8E1D77FB8000FB24FC /* libopencv_ocl.2.4.dylib in Frameworks */,
				28CCFF8B1D77FB8000FB24FC /* libopencv_objdetect.2.4.dylib in Frameworks */,
				28CCFF891D77FB8000FB24FC /* libopencv_nonfree.dylib in Frameworks */,
			);
			runOnlyForDeploymentPostprocessing = 0;
		};
/* End PBXFrameworksBuildPhase section */

/* Begin PBXGroup section */
		282C482B1D654E350095679F = {
			isa = PBXGroup;
			children = (
				286B45981DA37D5500D0B947 /* tld_src */,
				282C483E1D654F5F0095679F /* openCVLib */,
				282C48361D654E350095679F /* objectTrackingSJPlapOne */,
				282C48351D654E350095679F /* Products */,
			);
			sourceTree = "<group>";
		};
		282C48351D654E350095679F /* Products */ = {
			isa = PBXGroup;
			children = (
				282C48341D654E350095679F /* objectTrackingSJPlapOne */,
			);
			name = Products;
			sourceTree = "<group>";
		};
		282C48361D654E350095679F /* objectTrackingSJPlapOne */ = {
			isa = PBXGroup;
			children = (
				28093DAA1D75369D003665D1 /* tracker_opencv.cpp */,
				28093DAB1D75369D003665D1 /* tracker_opencv.h */,
				281983571D87F12E006E521C /* CMT.cpp */,
				281983581D87F12E006E521C /* CMT.h */,
			);
			path = objectTrackingSJPlapOne;
			sourceTree = "<group>";
		};
		282C483E1D654F5F0095679F /* openCVLib */ = {
			isa = PBXGroup;
			children = (
				28CCFF301D77FB8000FB24FC /* libopencv_calib3d.2.4.13.dylib */,
				28CCFF311D77FB8000FB24FC /* libopencv_calib3d.2.4.dylib */,
				28CCFF321D77FB8000FB24FC /* libopencv_calib3d.dylib */,
				28CCFF331D77FB8000FB24FC /* libopencv_contrib.2.4.13.dylib */,
				28CCFF341D77FB8000FB24FC /* libopencv_contrib.2.4.dylib */,
				28CCFF351D77FB8000FB24FC /* libopencv_contrib.dylib */,
				28CCFF361D77FB8000FB24FC /* libopencv_core.2.4.13.dylib */,
				28CCFF371D77FB8000FB24FC /* libopencv_core.2.4.dylib */,
				28CCFF381D77FB8000FB24FC /* libopencv_core.dylib */,
				28CCFF391D77FB8000FB24FC /* libopencv_features2d.2.4.13.dylib */,
				28CCFF3A1D77FB8000FB24FC /* libopencv_features2d.2.4.dylib */,
				28CCFF3B1D77FB8000FB24FC /* libopencv_features2d.dylib */,
				28CCFF3C1D77FB8000FB24FC /* libopencv_flann.2.4.13.dylib */,
				28CCFF3D1D77FB8000FB24FC /* libopencv_flann.2.4.dylib */,
				28CCFF3E1D77FB8000FB24FC /* libopencv_flann.dylib */,
				28CCFF3F1D77FB8000FB24FC /* libopencv_gpu.2.4.13.dylib */,
				28CCFF401D77FB8000FB24FC /* libopencv_gpu.2.4.dylib */,
				28CCFF411D77FB8000FB24FC /* libopencv_gpu.dylib */,
				28CCFF421D77FB8000FB24FC /* libopencv_haartraining_engine.a */,
				28CCFF431D77FB8000FB24FC /* libopencv_highgui.2.4.13.dylib */,
				28CCFF441D77FB8000FB24FC /* libopencv_highgui.2.4.dylib */,
				28CCFF451D77FB8000FB24FC /* libopencv_highgui.dylib */,
				28CCFF461D77FB8000FB24FC /* libopencv_imgproc.2.4.13.dylib */,
				28CCFF471D77FB8000FB24FC /* libopencv_imgproc.2.4.dylib */,
				28CCFF481D77FB8000FB24FC /* libopencv_imgproc.dylib */,
				28CCFF491D77FB8000FB24FC /* libopencv_legacy.2.4.13.dylib */,
				28CCFF4A1D77FB8000FB24FC /* libopencv_legacy.2.4.dylib */,
				28CCFF4B1D77FB8000FB24FC /* libopencv_legacy.dylib */,
				28CCFF4C1D77FB8000FB24FC /* libopencv_ml.2.4.13.dylib */,
				28CCFF4D1D77FB8000FB24FC /* libopencv_ml.2.4.dylib */,
				28CCFF4E1D77FB8000FB24FC /* libopencv_ml.dylib */,
				28CCFF4F1D77FB8000FB24FC /* libopencv_nonfree.2.4.13.dylib */,
				28CCFF501D77FB8000FB24FC /* libopencv_nonfree.2.4.dylib */,
				28CCFF511D77FB8000FB24FC /* libopencv_nonfree.dylib */,
				28CCFF521D77FB8000FB24FC /* libopencv_objdetect.2.4.13.dylib */,
				28CCFF531D77FB8000FB24FC /* libopencv_objdetect.2.4.dylib */,
				28CCFF541D77FB8000FB24FC /* libopencv_objdetect.dylib */,
				28CCFF551D77FB8000FB24FC /* libopencv_ocl.2.4.13.dylib */,
				28CCFF561D77FB8000FB24FC /* libopencv_ocl.2.4.dylib */,
				28CCFF571D77FB8000FB24FC /* libopencv_ocl.dylib */,
				28CCFF581D77FB8000FB24FC /* libopencv_photo.2.4.13.dylib */,
				28CCFF591D77FB8000FB24FC /* libopencv_photo.2.4.dylib */,
				28CCFF5A1D77FB8000FB24FC /* libopencv_photo.dylib */,
				28CCFF5B1D77FB8000FB24FC /* libopencv_stitching.2.4.13.dylib */,
				28CCFF5C1D77FB8000FB24FC /* libopencv_stitching.2.4.dylib */,
				28CCFF5D1D77FB8000FB24FC /* libopencv_stitching.dylib */,
				28CCFF5E1D77FB8000FB24FC /* libopencv_superres.2.4.13.dylib */,
				28CCFF5F1D77FB8000FB24FC /* libopencv_superres.2.4.dylib */,
				28CCFF601D77FB8000FB24FC /* libopencv_superres.dylib */,
				28CCFF611D77FB8000FB24FC /* libopencv_ts.a */,
				28CCFF621D77FB8000FB24FC /* libopencv_video.2.4.13.dylib */,
				28CCFF631D77FB8000FB24FC /* libopencv_video.2.4.dylib */,
				28CCFF641D77FB8000FB24FC /* libopencv_video.dylib */,
				28CCFF651D77FB8000FB24FC /* libopencv_videostab.2.4.13.dylib */,
				28CCFF661D77FB8000FB24FC /* libopencv_videostab.2.4.dylib */,
				28CCFF671D77FB8000FB24FC /* libopencv_videostab.dylib */,
			);
			name = openCVLib;
			sourceTree = "<group>";
		};
		286B45981DA37D5500D0B947 /* tld_src */ = {
			isa = PBXGroup;
			children = (
				286B460E1DA37E9F00D0B947 /* main_tld.cpp */,
				286B45DF1DA37E5900D0B947 /* 3rdparty */,
				286B46011DA37E5A00D0B947 /* config-sample.cfg */,
				286B45A91DA37E3F00D0B947 /* libopentld */,
				286B45991DA37E0500D0B947 /* main */,
			);
			name = tld_src;
			sourceTree = "<group>";
		};
		286B45991DA37E0500D0B947 /* main */ = {
			isa = PBXGroup;
			children = (
				286B459A1DA37E0500D0B947 /* Config.cpp */,
				286B459B1DA37E0500D0B947 /* Config.h */,
				286B459C1DA37E0500D0B947 /* Gui.cpp */,
				286B459D1DA37E0500D0B947 /* Gui.h */,
				286B459E1DA37E0500D0B947 /* Main.cpp */,
				286B459F1DA37E0500D0B947 /* Main.h */,
				286B45A01DA37E0500D0B947 /* Settings.cpp */,
				286B45A11DA37E0500D0B947 /* Settings.h */,
				286B45A21DA37E0500D0B947 /* Trajectory.cpp */,
				286B45A31DA37E0500D0B947 /* Trajectory.h */,
			);
			path = main;
			sourceTree = "<group>";
		};
		286B45A91DA37E3F00D0B947 /* libopentld */ = {
			isa = PBXGroup;
			children = (
				286B45AA1DA37E3F00D0B947 /* imacq */,
				286B45AD1DA37E3F00D0B947 /* mftracker */,
				286B45B81DA37E3F00D0B947 /* tld */,
			);
			path = libopentld;
			sourceTree = "<group>";
		};
		286B45AA1DA37E3F00D0B947 /* imacq */ = {
			isa = PBXGroup;
			children = (
				286B45AB1DA37E3F00D0B947 /* ImAcq.cpp */,
				286B45AC1DA37E3F00D0B947 /* ImAcq.h */,
			);
			path = imacq;
			sourceTree = "<group>";
		};
		286B45AD1DA37E3F00D0B947 /* mftracker */ = {
			isa = PBXGroup;
			children = (
				286B45AE1DA37E3F00D0B947 /* BB.cpp */,
				286B45AF1DA37E3F00D0B947 /* BB.h */,
				286B45B01DA37E3F00D0B947 /* BBPredict.cpp */,
				286B45B11DA37E3F00D0B947 /* BBPredict.h */,
				286B45B21DA37E3F00D0B947 /* FBTrack.cpp */,
				286B45B31DA37E3F00D0B947 /* FBTrack.h */,
				286B45B41DA37E3F00D0B947 /* Lk.cpp */,
				286B45B51DA37E3F00D0B947 /* Lk.h */,
				286B45B61DA37E3F00D0B947 /* Median.cpp */,
				286B45B71DA37E3F00D0B947 /* Median.h */,
			);
			path = mftracker;
			sourceTree = "<group>";
		};
		286B45B81DA37E3F00D0B947 /* tld */ = {
			isa = PBXGroup;
			children = (
				286B45B91DA37E3F00D0B947 /* Clustering.cpp */,
				286B45BA1DA37E3F00D0B947 /* Clustering.h */,
				286B45BB1DA37E3F00D0B947 /* DetectionResult.cpp */,
				286B45BC1DA37E3F00D0B947 /* DetectionResult.h */,
				286B45BD1DA37E3F00D0B947 /* DetectorCascade.cpp */,
				286B45BE1DA37E3F00D0B947 /* DetectorCascade.h */,
				286B45BF1DA37E3F00D0B947 /* EnsembleClassifier.cpp */,
				286B45C01DA37E3F00D0B947 /* EnsembleClassifier.h */,
				286B45C11DA37E3F00D0B947 /* ForegroundDetector.cpp */,
				286B45C21DA37E3F00D0B947 /* ForegroundDetector.h */,
				286B45C31DA37E3F00D0B947 /* IntegralImage.h */,
				286B45C41DA37E3F00D0B947 /* MedianFlowTracker.cpp */,
				286B45C51DA37E3F00D0B947 /* MedianFlowTracker.h */,
				286B45C61DA37E3F00D0B947 /* NNClassifier.cpp */,
				286B45C71DA37E3F00D0B947 /* NNClassifier.h */,
				286B45C81DA37E3F00D0B947 /* NormalizedPatch.h */,
				286B45C91DA37E3F00D0B947 /* TLD.cpp */,
				286B45CA1DA37E3F00D0B947 /* TLD.h */,
				286B45CB1DA37E3F00D0B947 /* TLDUtil.cpp */,
				286B45CC1DA37E3F00D0B947 /* TLDUtil.h */,
				286B45CD1DA37E3F00D0B947 /* VarianceFilter.cpp */,
				286B45CE1DA37E3F00D0B947 /* VarianceFilter.h */,
			);
			path = tld;
			sourceTree = "<group>";
		};
		286B45DF1DA37E5900D0B947 /* 3rdparty */ = {
			isa = PBXGroup;
			children = (
				286B45E01DA37E5900D0B947 /* cvblobs */,
				286B45F01DA37E5A00D0B947 /* libconfig */,
			);
			path = 3rdparty;
			sourceTree = "<group>";
		};
		286B45E01DA37E5900D0B947 /* cvblobs */ = {
			isa = PBXGroup;
			children = (
				286B45E11DA37E5900D0B947 /* blob.cpp */,
				286B45E21DA37E5900D0B947 /* blob.h */,
				286B45E31DA37E5900D0B947 /* BlobContour.cpp */,
				286B45E41DA37E5900D0B947 /* BlobContour.h */,
				286B45E51DA37E5900D0B947 /* BlobLibraryConfiguration.h */,
				286B45E61DA37E5A00D0B947 /* BlobOperators.cpp */,
				286B45E71DA37E5A00D0B947 /* BlobOperators.h */,
				286B45E81DA37E5A00D0B947 /* BlobProperties.cpp */,
				286B45E91DA37E5A00D0B947 /* BlobProperties.h */,
				286B45EA1DA37E5A00D0B947 /* BlobResult.cpp */,
				286B45EB1DA37E5A00D0B947 /* BlobResult.h */,
				286B45EC1DA37E5A00D0B947 /* CMakeFiles */,
				286B45EE1DA37E5A00D0B947 /* ComponentLabeling.cpp */,
				286B45EF1DA37E5A00D0B947 /* ComponentLabeling.h */,
			);
			path = cvblobs;
			sourceTree = "<group>";
		};
		286B45EC1DA37E5A00D0B947 /* CMakeFiles */ = {
			isa = PBXGroup;
			children = (
				286B45ED1DA37E5A00D0B947 /* cvblobs.dir */,
			);
			path = CMakeFiles;
			sourceTree = "<group>";
		};
		286B45ED1DA37E5A00D0B947 /* cvblobs.dir */ = {
			isa = PBXGroup;
			children = (
			);
			path = cvblobs.dir;
			sourceTree = "<group>";
		};
		286B45F01DA37E5A00D0B947 /* libconfig */ = {
			isa = PBXGroup;
			children = (
				286B45F11DA37E5A00D0B947 /* CMakeFiles */,
				286B45F31DA37E5A00D0B947 /* grammar.c */,
				286B45F41DA37E5A00D0B947 /* grammar.h */,
				286B45F51DA37E5A00D0B947 /* libconfig.c */,
				286B45F61DA37E5A00D0B947 /* libconfig.h */,
				286B45F71DA37E5A00D0B947 /* libconfig.h++ */,
				286B45F81DA37E5A00D0B947 /* libconfigcpp.c++ */,
				286B45F91DA37E5A00D0B947 /* parsectx.h */,
				286B45FA1DA37E5A00D0B947 /* scanctx.c */,
				286B45FB1DA37E5A00D0B947 /* scanctx.h */,
				286B45FC1DA37E5A00D0B947 /* scanner.c */,
				286B45FD1DA37E5A00D0B947 /* scanner.h */,
				286B45FE1DA37E5A00D0B947 /* strbuf.c */,
				286B45FF1DA37E5A00D0B947 /* strbuf.h */,
				286B46001DA37E5A00D0B947 /* wincompat.h */,
			);
			path = libconfig;
			sourceTree = "<group>";
		};
		286B45F11DA37E5A00D0B947 /* CMakeFiles */ = {
			isa = PBXGroup;
			children = (
				286B45F21DA37E5A00D0B947 /* config++.dir */,
			);
			path = CMakeFiles;
			sourceTree = "<group>";
		};
		286B45F21DA37E5A00D0B947 /* config++.dir */ = {
			isa = PBXGroup;
			children = (
			);
			path = "config++.dir";
			sourceTree = "<group>";
		};
/* End PBXGroup section */

/* Begin PBXNativeTarget section */
		282C48331D654E350095679F /* objectTrackingSJPlapOne */ = {
			isa = PBXNativeTarget;
			buildConfigurationList = 282C483B1D654E350095679F /* Build configuration list for PBXNativeTarget "objectTrackingSJPlapOne" */;
			buildPhases = (
				282C48301D654E350095679F /* Sources */,
				282C48311D654E350095679F /* Frameworks */,
				282C48321D654E350095679F /* CopyFiles */,
			);
			buildRules = (
			);
			dependencies = (
			);
			name = objectTrackingSJPlapOne;
			productName = objectTrackingSJPlapOne;
			productReference = 282C48341D654E350095679F /* objectTrackingSJPlapOne */;
			productType = "com.apple.product-type.tool";
		};
/* End PBXNativeTarget section */

/* Begin PBXProject section */
		282C482C1D654E350095679F /* Project object */ = {
			isa = PBXProject;
			attributes = {
				LastUpgradeCheck = 0730;
				ORGANIZATIONNAME = SJPlap;
				TargetAttributes = {
					282C48331D654E350095679F = {
						CreatedOnToolsVersion = 7.3.1;
					};
				};
			};
			buildConfigurationList = 282C482F1D654E350095679F /* Build configuration list for PBXProject "objectTrackingSJPlapOne" */;
			compatibilityVersion = "Xcode 3.2";
			developmentRegion = English;
			hasScannedForEncodings = 0;
			knownRegions = (
				en,
			);
			mainGroup = 282C482B1D654E350095679F;
			productRefGroup = 282C48351D654E350095679F /* Products */;
			projectDirPath = "";
			projectRoot = "";
			targets = (
				282C48331D654E350095679F /* objectTrackingSJPlapOne */,
			);
		};
/* End PBXProject section */

/* Begin PBXSourcesBuildPhase section */
		282C48301D654E350095679F /* Sources */ = {
			isa = PBXSourcesBuildPhase;
			buildActionMask = 2147483647;
			files = (
				286B45D31DA37E3F00D0B947 /* Lk.cpp in Sources */,
				286B45D41DA37E3F00D0B947 /* Median.cpp in Sources */,
				286B45D61DA37E3F00D0B947 /* DetectionResult.cpp in Sources */,
				286B46021DA37E5A00D0B947 /* blob.cpp in Sources */,
				286B45A61DA37E0500D0B947 /* Main.cpp in Sources */,
				286B45D71DA37E3F00D0B947 /* DetectorCascade.cpp in Sources */,
				286B45D51DA37E3F00D0B947 /* Clustering.cpp in Sources */,
				286B46051DA37E5A00D0B947 /* BlobProperties.cpp in Sources */,
				286B45DD1DA37E3F00D0B947 /* TLDUtil.cpp in Sources */,
				286B46091DA37E5A00D0B947 /* libconfig.c in Sources */,
				286B45DC1DA37E3F00D0B947 /* TLD.cpp in Sources */,
				286B45D21DA37E3F00D0B947 /* FBTrack.cpp in Sources */,
				286B46061DA37E5A00D0B947 /* BlobResult.cpp in Sources */,
				286B46041DA37E5A00D0B947 /* BlobOperators.cpp in Sources */,
				286B46071DA37E5A00D0B947 /* ComponentLabeling.cpp in Sources */,
				281983591D87F12E006E521C /* CMT.cpp in Sources */,
				286B45DE1DA37E3F00D0B947 /* VarianceFilter.cpp in Sources */,
				286B45DA1DA37E3F00D0B947 /* MedianFlowTracker.cpp in Sources */,
				286B460B1DA37E5A00D0B947 /* scanctx.c in Sources */,
				286B46031DA37E5A00D0B947 /* BlobContour.cpp in Sources */,
				286B45A41DA37E0500D0B947 /* Config.cpp in Sources */,
				286B45D81DA37E3F00D0B947 /* EnsembleClassifier.cpp in Sources */,
				286B460C1DA37E5A00D0B947 /* scanner.c in Sources */,
				286B45A51DA37E0500D0B947 /* Gui.cpp in Sources */,
				286B45A71DA37E0500D0B947 /* Settings.cpp in Sources */,
				286B45D11DA37E3F00D0B947 /* BBPredict.cpp in Sources */,
				286B45D01DA37E3F00D0B947 /* BB.cpp in Sources */,
				286B45D91DA37E3F00D0B947 /* ForegroundDetector.cpp in Sources */,
				286B45CF1DA37E3F00D0B947 /* ImAcq.cpp in Sources */,
				286B45A81DA37E0500D0B947 /* Trajectory.cpp in Sources */,
				286B45DB1DA37E3F00D0B947 /* NNClassifier.cpp in Sources */,
				28093DAD1D75369D003665D1 /* tracker_opencv.cpp in Sources */,
				286B46081DA37E5A00D0B947 /* grammar.c in Sources */,
				286B460F1DA37E9F00D0B947 /* main_tld.cpp in Sources */,
				286B460A1DA37E5A00D0B947 /* libconfigcpp.c++ in Sources */,
				286B460D1DA37E5A00D0B947 /* strbuf.c in Sources */,
			);
			runOnlyForDeploymentPostprocessing = 0;
		};
/* End PBXSourcesBuildPhase section */

/* Begin XCBuildConfiguration section */
		282C48391D654E350095679F /* Debug */ = {
			isa = XCBuildConfiguration;
			buildSettings = {
				ALWAYS_SEARCH_USER_PATHS = NO;
				CLANG_ANALYZER_NONNULL = YES;
				CLANG_CXX_LANGUAGE_STANDARD = "gnu++0x";
				CLANG_CXX_LIBRARY = "libc++";
				CLANG_ENABLE_MODULES = YES;
				CLANG_ENABLE_OBJC_ARC = YES;
				CLANG_WARN_BOOL_CONVERSION = YES;
				CLANG_WARN_CONSTANT_CONVERSION = YES;
				CLANG_WARN_DIRECT_OBJC_ISA_USAGE = YES_ERROR;
				CLANG_WARN_EMPTY_BODY = YES;
				CLANG_WARN_ENUM_CONVERSION = YES;
				CLANG_WARN_INT_CONVERSION = YES;
				CLANG_WARN_OBJC_ROOT_CLASS = YES_ERROR;
				CLANG_WARN_UNREACHABLE_CODE = YES;
				CLANG_WARN__DUPLICATE_METHOD_MATCH = YES;
				CODE_SIGN_IDENTITY = "-";
				COPY_PHASE_STRIP = NO;
				DEBUG_INFORMATION_FORMAT = dwarf;
				ENABLE_STRICT_OBJC_MSGSEND = YES;
				ENABLE_TESTABILITY = YES;
				FRAMEWORK_SEARCH_PATHS = "/usr/local/lib/**";
				GCC_C_LANGUAGE_STANDARD = gnu99;
				GCC_DYNAMIC_NO_PIC = NO;
				GCC_NO_COMMON_BLOCKS = YES;
				GCC_OPTIMIZATION_LEVEL = 0;
				GCC_PREPROCESSOR_DEFINITIONS = (
					"DEBUG=1",
					"$(inherited)",
				);
				GCC_WARN_64_TO_32_BIT_CONVERSION = YES;
				GCC_WARN_ABOUT_RETURN_TYPE = YES_ERROR;
				GCC_WARN_UNDECLARED_SELECTOR = YES;
				GCC_WARN_UNINITIALIZED_AUTOS = YES_AGGRESSIVE;
				GCC_WARN_UNUSED_FUNCTION = YES;
				GCC_WARN_UNUSED_VARIABLE = YES;
				HEADER_SEARCH_PATHS = "/usr/local/include/**";
				LIBRARY_SEARCH_PATHS = /Users/gclee/reference/mybuild_2413/lib;
				MACOSX_DEPLOYMENT_TARGET = 10.11;
				MTL_ENABLE_DEBUG_INFO = YES;
				ONLY_ACTIVE_ARCH = YES;
				SDKROOT = macosx;
			};
			name = Debug;
		};
		282C483A1D654E350095679F /* Release */ = {
			isa = XCBuildConfiguration;
			buildSettings = {
				ALWAYS_SEARCH_USER_PATHS = NO;
				CLANG_ANALYZER_NONNULL = YES;
				CLANG_CXX_LANGUAGE_STANDARD = "gnu++0x";
				CLANG_CXX_LIBRARY = "libc++";
				CLANG_ENABLE_MODULES = YES;
				CLANG_ENABLE_OBJC_ARC = YES;
				CLANG_WARN_BOOL_CONVERSION = YES;
				CLANG_WARN_CONSTANT_CONVERSION = YES;
				CLANG_WARN_DIRECT_OBJC_ISA_USAGE = YES_ERROR;
				CLANG_WARN_EMPTY_BODY = YES;
				CLANG_WARN_ENUM_CONVERSION = YES;
				CLANG_WARN_INT_CONVERSION = YES;
				CLANG_WARN_OBJC_ROOT_CLASS = YES_ERROR;
				CLANG_WARN_UNREACHABLE_CODE = YES;
				CLANG_WARN__DUPLICATE_METHOD_MATCH = YES;
				CODE_SIGN_IDENTITY = "-";
				COPY_PHASE_STRIP = NO;
				DEBUG_INFORMATION_FORMAT = "dwarf-with-dsym";
				ENABLE_NS_ASSERTIONS = NO;
				ENABLE_STRICT_OBJC_MSGSEND = YES;
				FRAMEWORK_SEARCH_PATHS = "/usr/local/lib/**";
				GCC_C_LANGUAGE_STANDARD = gnu99;
				GCC_NO_COMMON_BLOCKS = YES;
				GCC_WARN_64_TO_32_BIT_CONVERSION = YES;
				GCC_WARN_ABOUT_RETURN_TYPE = YES_ERROR;
				GCC_WARN_UNDECLARED_SELECTOR = YES;
				GCC_WARN_UNINITIALIZED_AUTOS = YES_AGGRESSIVE;
				GCC_WARN_UNUSED_FUNCTION = YES;
				GCC_WARN_UNUSED_VARIABLE = YES;
				HEADER_SEARCH_PATHS = "/usr/local/include/**";
				LIBRARY_SEARCH_PATHS = /Users/gclee/reference/mybuild_2413/lib;
				MACOSX_DEPLOYMENT_TARGET = 10.11;
				MTL_ENABLE_DEBUG_INFO = NO;
				SDKROOT = macosx;
			};
			name = Release;
		};
		282C483C1D654E350095679F /* Debug */ = {
			isa = XCBuildConfiguration;
			buildSettings = {
				FRAMEWORK_SEARCH_PATHS = /usr/local/lib;
				HEADER_SEARCH_PATHS = /usr/local/include;
				LIBRARY_SEARCH_PATHS = (
					"/Users/gclee/reference/opencv-2.4.13/lib",
					"$(PROJECT_DIR)",
				);
				PRODUCT_NAME = "$(TARGET_NAME)";
			};
			name = Debug;
		};
		282C483D1D654E350095679F /* Release */ = {
			isa = XCBuildConfiguration;
			buildSettings = {
				FRAMEWORK_SEARCH_PATHS = /usr/local/lib;
				HEADER_SEARCH_PATHS = /usr/local/include;
				LIBRARY_SEARCH_PATHS = (
					"/Users/gclee/reference/opencv-2.4.13/lib",
					"$(PROJECT_DIR)",
				);
				PRODUCT_NAME = "$(TARGET_NAME)";
			};
			name = Release;
		};
/* End XCBuildConfiguration section */

/* Begin XCConfigurationList section */
		282C482F1D654E350095679F /* Build configuration list for PBXProject "objectTrackingSJPlapOne" */ = {
			isa = XCConfigurationList;
			buildConfigurations = (
				282C48391D654E350095679F /* Debug */,
				282C483A1D654E350095679F /* Release */,
			);
			defaultConfigurationIsVisible = 0;
			defaultConfigurationName = Release;
		};
		282C483B1D654E350095679F /* Build configuration list for PBXNativeTarget "objectTrackingSJPlapOne" */ = {
			isa = XCConfigurationList;
			buildConfigurations = (
				282C483C1D654E350095679F /* Debug */,
				282C483D1D654E350095679F /* Release */,
			);
			defaultConfigurationIsVisible = 0;
			defaultConfigurationName = Release;
		};
/* End XCConfigurationList section */
	};
	rootObject = 282C482C1D654E350095679F /* Project object */;
}
